
Microsoft Visual Studio Solution File, Format Version 12.00
# Visual Studio Version 17
VisualStudioVersion = 17.14.36202.13
MinimumVisualStudioVersion = 10.0.40219.1
Project("{FAE04EC0-301F-11D3-BF4B-00C04F79EFBC}") = "InvoiceSystem.WebMVC", "InvoiceSystem.WebMVC\InvoiceSystem.WebMVC.csproj", "{857DA237-CCCE-4E24-9FE8-464FDD107228}"
EndProject
Project("{FAE04EC0-301F-11D3-BF4B-00C04F79EFBC}") = "InvoiceSystem.Core", "InvoiceSystem.Core\InvoiceSystem.Core.csproj", "{FD2A21A6-9114-4719-9FDE-F6BBC46A24FC}"
EndProject
Project("{2150E333-8FDC-42A3-9474-1A3956D46DE8}") = "Solution Items", "Solution Items", "{8EC462FD-D22E-90A8-E5CE-7E832BA40C5D}"
	ProjectSection(SolutionItems) = preProject
		.gitignore = .gitignore
		ReadMe.md = ReadMe.md
	EndProjectSection
EndProject
Global
	GlobalSection(SolutionConfigurationPlatforms) = preSolution
		Debug|Any CPU = Debug|Any CPU
		Release|Any CPU = Release|Any CPU
	EndGlobalSection
	GlobalSection(ProjectConfigurationPlatforms) = postSolution
		{857DA237-CCCE-4E24-9FE8-464FDD107228}.Debug|Any CPU.ActiveCfg = Debug|Any CPU
		{857DA237-CCCE-4E24-9FE8-464FDD107228}.Debug|Any CPU.Build.0 = Debug|Any CPU
		{857DA237-CCCE-4E24-9FE8-464FDD107228}.Release|Any CPU.ActiveCfg = Release|Any CPU
		{857DA237-CCCE-4E24-9FE8-464FDD107228}.Release|Any CPU.Build.0 = Release|Any CPU
		{FD2A21A6-9114-4719-9FDE-F6BBC46A24FC}.Debug|Any CPU.ActiveCfg = Debug|Any CPU
		{FD2A21A6-9114-4719-9FDE-F6BBC46A24FC}.Debug|Any CPU.Build.0 = Debug|Any CPU
		{FD2A21A6-9114-4719-9FDE-F6BBC46A24FC}.Release|Any CPU.ActiveCfg = Release|Any CPU
		{FD2A21A6-9114-4719-9FDE-F6BBC46A24FC}.Release|Any CPU.Build.0 = Release|Any CPU
	EndGlobalSection
	GlobalSection(SolutionProperties) = preSolution
		HideSolutionNode = FALSE
	EndGlobalSection
	GlobalSection(ExtensibilityGlobals) = postSolution
		SolutionGuid = {0B96E8D6-0736-4F0A-BEDD-E32FA8F434D6}
	EndGlobalSection
EndGlobal
